dependencies:
  espressif/led_strip:
    component_hash: 
      f0d1b7f93eb3ee57bcfd220656176b0b5616e1947f89ed44364555cf910c4840
    dependencies:
    - name: idf
      require: private
      version: '>=5.0'
    source:
      registry_url: https://components.espressif.com/
      type: service
    version: 3.0.2
  idf:
    source:
      type: idf
    version: 6.1.0
  lvgl/lvgl:
    component_hash: 
      948bff879a345149b83065535bbc4a026ce9f47498a22881e432a264b9098015
    dependencies: []
    source:
      registry_url: https://components.espressif.com/
      type: service
    version: 8.3.11
direct_dependencies:
- espressif/led_strip
- idf
- lvgl/lvgl
manifest_hash: b784e808b68a47f2360ad32c1b0bd486e6fda7e02d159614d975ad0a043a3d84
target: esp32c6
version: 2.0.0
